
Microsoft Visual Studio Solution File, Format Version 12.00
# Visual Studio 14
VisualStudioVersion = 14.0.25420.1
MinimumVisualStudioVersion = 10.0.40219.1
Project("{FAE04EC0-301F-11D3-BF4B-00C04F79EFBC}") = "TestTraining", "TestTraining\TestTraining.csproj", "{65B22197-EE2F-4AE2-8443-7572C7E66F62}"
EndProject
Project("{FAE04EC0-301F-11D3-BF4B-00C04F79EFBC}") = "AccessModifier", "access modifier\AccessModifier.csproj", "{EA8C320A-8DB3-4A6B-A246-34D733243135}"
EndProject
Project("{FAE04EC0-301F-11D3-BF4B-00C04F79EFBC}") = "Stack", "Stack\Stack.csproj", "{55F72300-C9F8-4DD6-A172-E80134C9995E}"
EndProject
Project("{FAE04EC0-301F-11D3-BF4B-00C04F79EFBC}") = "Transmission", "transmission\Transmission.csproj", "{02D096C9-7AC4-4AF3-B0FD-C26B95411623}"
EndProject
Project("{FAE04EC0-301F-11D3-BF4B-00C04F79EFBC}") = "RefOut", "RefOut\RefOut.csproj", "{DC89E699-F5B8-4370-8A67-8ABE5501633C}"
EndProject
Project("{FAE04EC0-301F-11D3-BF4B-00C04F79EFBC}") = "Params", "Params\Params.csproj", "{CF4083D2-F880-4603-9DE0-7C6C3062ED3B}"
EndProject
Project("{FAE04EC0-301F-11D3-BF4B-00C04F79EFBC}") = "ReturnFromMethod", "ReturnFromMethod\ReturnFromMethod.csproj", "{D0D0AA28-E11E-411E-A987-B910E454DD45}"
EndProject
Project("{FAE04EC0-301F-11D3-BF4B-00C04F79EFBC}") = "UseClassFactory", "UseClassFactory\UseClassFactory.csproj", "{1ED1557A-EC51-41BB-96BC-941AD03AA2E1}"
EndProject
Project("{FAE04EC0-301F-11D3-BF4B-00C04F79EFBC}") = "ReturnArrayFromMethod", "ReturnArrayFromMethod\ReturnArrayFromMethod.csproj", "{2C32E327-597E-4B03-B12D-3C9F48FC9A53}"
EndProject
Project("{FAE04EC0-301F-11D3-BF4B-00C04F79EFBC}") = "OverloadMethod", "OverloadMethod\OverloadMethod.csproj", "{CA6E110E-7A56-4B76-B3D4-1127A9953381}"
EndProject
Project("{FAE04EC0-301F-11D3-BF4B-00C04F79EFBC}") = "OverloadConstractor", "OverloadConstractor\OverloadConstractor.csproj", "{B3FEDCDF-480D-4251-885E-E580FD1DC762}"
EndProject
Project("{FAE04EC0-301F-11D3-BF4B-00C04F79EFBC}") = "ObjectInitialiser", "ObjectInitialiser\ObjectInitialiser.csproj", "{00BDE239-DB23-44F0-A36F-C397A6F2EAFF}"
EndProject
Project("{FAE04EC0-301F-11D3-BF4B-00C04F79EFBC}") = "OptionalArgument", "OptionalArgument\OptionalArgument.csproj", "{13FEA5C4-39DA-4E57-97AB-664FEABBC0EE}"
EndProject
Global
	GlobalSection(SolutionConfigurationPlatforms) = preSolution
		Debug|Any CPU = Debug|Any CPU
		Release|Any CPU = Release|Any CPU
	EndGlobalSection
	GlobalSection(ProjectConfigurationPlatforms) = postSolution
		{65B22197-EE2F-4AE2-8443-7572C7E66F62}.Debug|Any CPU.ActiveCfg = Debug|Any CPU
		{65B22197-EE2F-4AE2-8443-7572C7E66F62}.Debug|Any CPU.Build.0 = Debug|Any CPU
		{65B22197-EE2F-4AE2-8443-7572C7E66F62}.Release|Any CPU.ActiveCfg = Release|Any CPU
		{65B22197-EE2F-4AE2-8443-7572C7E66F62}.Release|Any CPU.Build.0 = Release|Any CPU
		{EA8C320A-8DB3-4A6B-A246-34D733243135}.Debug|Any CPU.ActiveCfg = Debug|Any CPU
		{EA8C320A-8DB3-4A6B-A246-34D733243135}.Debug|Any CPU.Build.0 = Debug|Any CPU
		{EA8C320A-8DB3-4A6B-A246-34D733243135}.Release|Any CPU.ActiveCfg = Release|Any CPU
		{EA8C320A-8DB3-4A6B-A246-34D733243135}.Release|Any CPU.Build.0 = Release|Any CPU
		{55F72300-C9F8-4DD6-A172-E80134C9995E}.Debug|Any CPU.ActiveCfg = Debug|Any CPU
		{55F72300-C9F8-4DD6-A172-E80134C9995E}.Debug|Any CPU.Build.0 = Debug|Any CPU
		{55F72300-C9F8-4DD6-A172-E80134C9995E}.Release|Any CPU.ActiveCfg = Release|Any CPU
		{55F72300-C9F8-4DD6-A172-E80134C9995E}.Release|Any CPU.Build.0 = Release|Any CPU
		{02D096C9-7AC4-4AF3-B0FD-C26B95411623}.Debug|Any CPU.ActiveCfg = Debug|Any CPU
		{02D096C9-7AC4-4AF3-B0FD-C26B95411623}.Debug|Any CPU.Build.0 = Debug|Any CPU
		{02D096C9-7AC4-4AF3-B0FD-C26B95411623}.Release|Any CPU.ActiveCfg = Release|Any CPU
		{02D096C9-7AC4-4AF3-B0FD-C26B95411623}.Release|Any CPU.Build.0 = Release|Any CPU
		{DC89E699-F5B8-4370-8A67-8ABE5501633C}.Debug|Any CPU.ActiveCfg = Debug|Any CPU
		{DC89E699-F5B8-4370-8A67-8ABE5501633C}.Debug|Any CPU.Build.0 = Debug|Any CPU
		{DC89E699-F5B8-4370-8A67-8ABE5501633C}.Release|Any CPU.ActiveCfg = Release|Any CPU
		{DC89E699-F5B8-4370-8A67-8ABE5501633C}.Release|Any CPU.Build.0 = Release|Any CPU
		{CF4083D2-F880-4603-9DE0-7C6C3062ED3B}.Debug|Any CPU.ActiveCfg = Debug|Any CPU
		{CF4083D2-F880-4603-9DE0-7C6C3062ED3B}.Debug|Any CPU.Build.0 = Debug|Any CPU
		{CF4083D2-F880-4603-9DE0-7C6C3062ED3B}.Release|Any CPU.ActiveCfg = Release|Any CPU
		{CF4083D2-F880-4603-9DE0-7C6C3062ED3B}.Release|Any CPU.Build.0 = Release|Any CPU
		{D0D0AA28-E11E-411E-A987-B910E454DD45}.Debug|Any CPU.ActiveCfg = Debug|Any CPU
		{D0D0AA28-E11E-411E-A987-B910E454DD45}.Debug|Any CPU.Build.0 = Debug|Any CPU
		{D0D0AA28-E11E-411E-A987-B910E454DD45}.Release|Any CPU.ActiveCfg = Release|Any CPU
		{D0D0AA28-E11E-411E-A987-B910E454DD45}.Release|Any CPU.Build.0 = Release|Any CPU
		{1ED1557A-EC51-41BB-96BC-941AD03AA2E1}.Debug|Any CPU.ActiveCfg = Debug|Any CPU
		{1ED1557A-EC51-41BB-96BC-941AD03AA2E1}.Debug|Any CPU.Build.0 = Debug|Any CPU
		{1ED1557A-EC51-41BB-96BC-941AD03AA2E1}.Release|Any CPU.ActiveCfg = Release|Any CPU
		{1ED1557A-EC51-41BB-96BC-941AD03AA2E1}.Release|Any CPU.Build.0 = Release|Any CPU
		{2C32E327-597E-4B03-B12D-3C9F48FC9A53}.Debug|Any CPU.ActiveCfg = Debug|Any CPU
		{2C32E327-597E-4B03-B12D-3C9F48FC9A53}.Debug|Any CPU.Build.0 = Debug|Any CPU
		{2C32E327-597E-4B03-B12D-3C9F48FC9A53}.Release|Any CPU.ActiveCfg = Release|Any CPU
		{2C32E327-597E-4B03-B12D-3C9F48FC9A53}.Release|Any CPU.Build.0 = Release|Any CPU
		{CA6E110E-7A56-4B76-B3D4-1127A9953381}.Debug|Any CPU.ActiveCfg = Debug|Any CPU
		{CA6E110E-7A56-4B76-B3D4-1127A9953381}.Debug|Any CPU.Build.0 = Debug|Any CPU
		{CA6E110E-7A56-4B76-B3D4-1127A9953381}.Release|Any CPU.ActiveCfg = Release|Any CPU
		{CA6E110E-7A56-4B76-B3D4-1127A9953381}.Release|Any CPU.Build.0 = Release|Any CPU
		{B3FEDCDF-480D-4251-885E-E580FD1DC762}.Debug|Any CPU.ActiveCfg = Debug|Any CPU
		{B3FEDCDF-480D-4251-885E-E580FD1DC762}.Debug|Any CPU.Build.0 = Debug|Any CPU
		{B3FEDCDF-480D-4251-885E-E580FD1DC762}.Release|Any CPU.ActiveCfg = Release|Any CPU
		{B3FEDCDF-480D-4251-885E-E580FD1DC762}.Release|Any CPU.Build.0 = Release|Any CPU
		{00BDE239-DB23-44F0-A36F-C397A6F2EAFF}.Debug|Any CPU.ActiveCfg = Debug|Any CPU
		{00BDE239-DB23-44F0-A36F-C397A6F2EAFF}.Debug|Any CPU.Build.0 = Debug|Any CPU
		{00BDE239-DB23-44F0-A36F-C397A6F2EAFF}.Release|Any CPU.ActiveCfg = Release|Any CPU
		{00BDE239-DB23-44F0-A36F-C397A6F2EAFF}.Release|Any CPU.Build.0 = Release|Any CPU
		{13FEA5C4-39DA-4E57-97AB-664FEABBC0EE}.Debug|Any CPU.ActiveCfg = Debug|Any CPU
		{13FEA5C4-39DA-4E57-97AB-664FEABBC0EE}.Debug|Any CPU.Build.0 = Debug|Any CPU
		{13FEA5C4-39DA-4E57-97AB-664FEABBC0EE}.Release|Any CPU.ActiveCfg = Release|Any CPU
		{13FEA5C4-39DA-4E57-97AB-664FEABBC0EE}.Release|Any CPU.Build.0 = Release|Any CPU
	EndGlobalSection
	GlobalSection(SolutionProperties) = preSolution
		HideSolutionNode = FALSE
	EndGlobalSection
EndGlobal
